
Microsoft Visual Studio Solution File, Format Version 12.00
# Visual Studio Version 16
VisualStudioVersion = 16.0.32929.386
MinimumVisualStudioVersion = 10.0.40219.1
Project("{FAE04EC0-301F-11D3-BF4B-00C04F79EFBC}") = "paint_JavieDeLeon", "paint_JavieDeLeon\paint_JavieDeLeon.csproj", "{27706434-B51A-4F81-919E-43D00DE55CAC}"
EndProject
Global
	GlobalSection(SolutionConfigurationPlatforms) = preSolution
		Debug|Any CPU = Debug|Any CPU
		Release|Any CPU = Release|Any CPU
	EndGlobalSection
	GlobalSection(ProjectConfigurationPlatforms) = postSolution
		{27706434-B51A-4F81-919E-43D00DE55CAC}.Debug|Any CPU.ActiveCfg = Debug|Any CPU
		{27706434-B51A-4F81-919E-43D00DE55CAC}.Debug|Any CPU.Build.0 = Debug|Any CPU
		{27706434-B51A-4F81-919E-43D00DE55CAC}.Release|Any CPU.ActiveCfg = Release|Any CPU
		{27706434-B51A-4F81-919E-43D00DE55CAC}.Release|Any CPU.Build.0 = Release|Any CPU
	EndGlobalSection
	GlobalSection(SolutionProperties) = preSolution
		HideSolutionNode = FALSE
	EndGlobalSection
	GlobalSection(ExtensibilityGlobals) = postSolution
		SolutionGuid = {8734A244-3FA8-4A43-A896-A8E789361939}
	EndGlobalSection
EndGlobal
